
Microsoft Visual Studio Solution File, Format Version 12.00
# Visual Studio 15
VisualStudioVersion = 15.0.26124.0
MinimumVisualStudioVersion = 15.0.26124.0
Project("{2150E333-8FDC-42A3-9474-1A3956D46DE8}") = "src", "src", "{7A1C5349-F10F-472C-BDBC-170424B99D19}"
EndProject
Project("{FAE04EC0-301F-11D3-BF4B-00C04F79EFBC}") = "GHACU", "src\GHACU\GHACU.csproj", "{63898F64-2E0B-4F86-BEF6-59386D7E2D96}"
EndProject
Project("{2150E333-8FDC-42A3-9474-1A3956D46DE8}") = "tests", "tests", "{8EB11A8B-0EB3-43D6-B2B8-1C5CE2596C6C}"
EndProject
Project("{FAE04EC0-301F-11D3-BF4B-00C04F79EFBC}") = "GHACU.Tests", "tests\GHACU.Tests\GHACU.Tests.csproj", "{E7D5BE1F-AA92-4829-8CFC-BDEDE8117E10}"
EndProject
Global
	GlobalSection(SolutionConfigurationPlatforms) = preSolution
		Debug|Any CPU = Debug|Any CPU
		Debug|x64 = Debug|x64
		Debug|x86 = Debug|x86
		Release|Any CPU = Release|Any CPU
		Release|x64 = Release|x64
		Release|x86 = Release|x86
	EndGlobalSection
	GlobalSection(SolutionProperties) = preSolution
		HideSolutionNode = FALSE
	EndGlobalSection
	GlobalSection(ProjectConfigurationPlatforms) = postSolution
		{63898F64-2E0B-4F86-BEF6-59386D7E2D96}.Debug|Any CPU.ActiveCfg = Debug|Any CPU
		{63898F64-2E0B-4F86-BEF6-59386D7E2D96}.Debug|Any CPU.Build.0 = Debug|Any CPU
		{63898F64-2E0B-4F86-BEF6-59386D7E2D96}.Debug|x64.ActiveCfg = Debug|Any CPU
		{63898F64-2E0B-4F86-BEF6-59386D7E2D96}.Debug|x64.Build.0 = Debug|Any CPU
		{63898F64-2E0B-4F86-BEF6-59386D7E2D96}.Debug|x86.ActiveCfg = Debug|Any CPU
		{63898F64-2E0B-4F86-BEF6-59386D7E2D96}.Debug|x86.Build.0 = Debug|Any CPU
		{63898F64-2E0B-4F86-BEF6-59386D7E2D96}.Release|Any CPU.ActiveCfg = Release|Any CPU
		{63898F64-2E0B-4F86-BEF6-59386D7E2D96}.Release|Any CPU.Build.0 = Release|Any CPU
		{63898F64-2E0B-4F86-BEF6-59386D7E2D96}.Release|x64.ActiveCfg = Release|Any CPU
		{63898F64-2E0B-4F86-BEF6-59386D7E2D96}.Release|x64.Build.0 = Release|Any CPU
		{63898F64-2E0B-4F86-BEF6-59386D7E2D96}.Release|x86.ActiveCfg = Release|Any CPU
		{63898F64-2E0B-4F86-BEF6-59386D7E2D96}.Release|x86.Build.0 = Release|Any CPU
		{E7D5BE1F-AA92-4829-8CFC-BDEDE8117E10}.Debug|Any CPU.ActiveCfg = Debug|Any CPU
		{E7D5BE1F-AA92-4829-8CFC-BDEDE8117E10}.Debug|Any CPU.Build.0 = Debug|Any CPU
		{E7D5BE1F-AA92-4829-8CFC-BDEDE8117E10}.Debug|x64.ActiveCfg = Debug|Any CPU
		{E7D5BE1F-AA92-4829-8CFC-BDEDE8117E10}.Debug|x64.Build.0 = Debug|Any CPU
		{E7D5BE1F-AA92-4829-8CFC-BDEDE8117E10}.Debug|x86.ActiveCfg = Debug|Any CPU
		{E7D5BE1F-AA92-4829-8CFC-BDEDE8117E10}.Debug|x86.Build.0 = Debug|Any CPU
		{E7D5BE1F-AA92-4829-8CFC-BDEDE8117E10}.Release|Any CPU.ActiveCfg = Release|Any CPU
		{E7D5BE1F-AA92-4829-8CFC-BDEDE8117E10}.Release|Any CPU.Build.0 = Release|Any CPU
		{E7D5BE1F-AA92-4829-8CFC-BDEDE8117E10}.Release|x64.ActiveCfg = Release|Any CPU
		{E7D5BE1F-AA92-4829-8CFC-BDEDE8117E10}.Release|x64.Build.0 = Release|Any CPU
		{E7D5BE1F-AA92-4829-8CFC-BDEDE8117E10}.Release|x86.ActiveCfg = Release|Any CPU
		{E7D5BE1F-AA92-4829-8CFC-BDEDE8117E10}.Release|x86.Build.0 = Release|Any CPU
	EndGlobalSection
	GlobalSection(NestedProjects) = preSolution
		{63898F64-2E0B-4F86-BEF6-59386D7E2D96} = {7A1C5349-F10F-472C-BDBC-170424B99D19}
		{E7D5BE1F-AA92-4829-8CFC-BDEDE8117E10} = {8EB11A8B-0EB3-43D6-B2B8-1C5CE2596C6C}
	EndGlobalSection
EndGlobal
